// !$*UTF8*$!
{
	archiveVersion = 1;
	classes = {
	};
	objectVersion = 77;
	objects = {

/* Begin PBXContainerItemProxy section */
		35BEF88A2E82192F0032F206 /* PBXContainerItemProxy */ = {
			isa = PBXContainerItemProxy;
			containerPortal = 35BEF8732E82192D0032F206 /* Project object */;
			proxyType = 1;
			remoteGlobalIDString = 35BEF87A2E82192D0032F206;
			remoteInfo = Oreo;
		};
		35BEF8942E82192F0032F206 /* PBXContainerItemProxy */ = {
			isa = PBXContainerItemProxy;
			containerPortal = 35BEF8732E82192D0032F206 /* Project object */;
			proxyType = 1;
			remoteGlobalIDString = 35BEF87A2E82192D0032F206;
			remoteInfo = Oreo;
		};
/* End PBXContainerItemProxy section */

/* Begin PBXFileReference section */
		35BEF87B2E82192D0032F206 /* Oreo.app */ = {isa = PBXFileReference; explicitFileType = wrapper.application; includeInIndex = 0; path = Oreo.app; sourceTree = BUILT_PRODUCTS_DIR; };
		35BEF8892E82192F0032F206 /* OreoTests.xctest */ = {isa = PBXFileReference; explicitFileType = wrapper.cfbundle; includeInIndex = 0; path = OreoTests.xctest; sourceTree = BUILT_PRODUCTS_DIR; };
		35BEF8932E82192F0032F206 /* OreoUITests.xctest */ = {isa = PBXFileReference; explicitFileType = wrapper.cfbundle; includeInIndex = 0; path = OreoUITests.xctest; sourceTree = BUILT_PRODUCTS_DIR; };
/* End PBXFileReference section */

/* Begin PBXFileSystemSynchronizedRootGroup section */
		35BEF87D2E82192D0032F206 /* Oreo */ = {
			isa = PBXFileSystemSynchronizedRootGroup;
			path = Oreo;
			sourceTree = "<group>";
		};
		35BEF88C2E82192F0032F206 /* OreoTests */ = {
			isa = PBXFileSystemSynchronizedRootGroup;
			path = OreoTests;
			sourceTree = "<group>";
		};
		35BEF8962E82192F0032F206 /* OreoUITests */ = {
			isa = PBXFileSystemSynchronizedRootGroup;
			path = OreoUITests;
			sourceTree = "<group>";
		};
/* End PBXFileSystemSynchronizedRootGroup section */

/* Begin PBXFrameworksBuildPhase section */
		35BEF8782E82192D0032F206 /* Frameworks */ = {
			isa = PBXFrameworksBuildPhase;
			buildActionMask = 2147483647;
			files = (
			);
			runOnlyForDeploymentPostprocessing = 0;
		};
		35BEF8862E82192F0032F206 /* Frameworks */ = {
			isa = PBXFrameworksBuildPhase;
			buildActionMask = 2147483647;
			files = (
			);
			runOnlyForDeploymentPostprocessing = 0;
		};
		35BEF8902E82192F0032F206 /* Frameworks */ = {
			isa = PBXFrameworksBuildPhase;
			buildActionMask = 2147483647;
			files = (
			);
			runOnlyForDeploymentPostprocessing = 0;
		};
/* End PBXFrameworksBuildPhase section */

/* Begin PBXGroup section */
		35BEF8722E82192D0032F206 = {
			isa = PBXGroup;
			children = (
				35BEF87D2E82192D0032F206 /* Oreo */,
				35BEF88C2E82192F0032F206 /* OreoTests */,
				35BEF8962E82192F0032F206 /* OreoUITests */,
				35BEF87C2E82192D0032F206 /* Products */,
			);
			sourceTree = "<group>";
		};
		35BEF87C2E82192D0032F206 /* Products */ = {
			isa = PBXGroup;
			children = (
				35BEF87B2E82192D0032F206 /* Oreo.app */,
				35BEF8892E82192F0032F206 /* OreoTests.xctest */,
				35BEF8932E82192F0032F206 /* OreoUITests.xctest */,
			);
			name = Products;
			sourceTree = "<group>";
		};
/* End PBXGroup section */

/* Begin PBXNativeTarget section */
		35BEF87A2E82192D0032F206 /* Oreo */ = {
			isa = PBXNativeTarget;
			buildConfigurationList = 35BEF89D2E82192F0032F206 /* Build configuration list for PBXNativeTarget "Oreo" */;
			buildPhases = (
				35BEF8772E82192D0032F206 /* Sources */,
				35BEF8782E82192D0032F206 /* Frameworks */,
				35BEF8792E82192D0032F206 /* Resources */,
			);
			buildRules = (
			);
			dependencies = (
			);
			fileSystemSynchronizedGroups = (
				35BEF87D2E82192D0032F206 /* Oreo */,
			);
			name = Oreo;
			packageProductDependencies = (
			);
			productName = Oreo;
			productReference = 35BEF87B2E82192D0032F206 /* Oreo.app */;
			productType = "com.apple.product-type.application";
		};
		35BEF8882E82192F0032F206 /* OreoTests */ = {
			isa = PBXNativeTarget;
			buildConfigurationList = 35BEF8A02E82192F0032F206 /* Build configuration list for PBXNativeTarget "OreoTests" */;
			buildPhases = (
				35BEF8852E82192F0032F206 /* Sources */,
				35BEF8862E82192F0032F206 /* Frameworks */,
				35BEF8872E82192F0032F206 /* Resources */,
			);
			buildRules = (
			);
			dependencies = (
				35BEF88B2E82192F0032F206 /* PBXTargetDependency */,
			);
			fileSystemSynchronizedGroups = (
				35BEF88C2E82192F0032F206 /* OreoTests */,
			);
			name = OreoTests;
			packageProductDependencies = (
			);
			productName = OreoTests;
			productReference = 35BEF8892E82192F0032F206 /* OreoTests.xctest */;
			productType = "com.apple.product-type.bundle.unit-test";
		};
		35BEF8922E82192F0032F206 /* OreoUITests */ = {
			isa = PBXNativeTarget;
			buildConfigurationList = 35BEF8A32E82192F0032F206 /* Build configuration list for PBXNativeTarget "OreoUITests" */;
			buildPhases = (
				35BEF88F2E82192F0032F206 /* Sources */,
				35BEF8902E82192F0032F206 /* Frameworks */,
				35BEF8912E82192F0032F206 /* Resources */,
			);
			buildRules = (
			);
			dependencies = (
				35BEF8952E82192F0032F206 /* PBXTargetDependency */,
			);
			fileSystemSynchronizedGroups = (
				35BEF8962E82192F0032F206 /* OreoUITests */,
			);
			name = OreoUITests;
			packageProductDependencies = (
			);
			productName = OreoUITests;
			productReference = 35BEF8932E82192F0032F206 /* OreoUITests.xctest */;
			productType = "com.apple.product-type.bundle.ui-testing";
		};
/* End PBXNativeTarget section */

/* Begin PBXProject section */
		35BEF8732E82192D0032F206 /* Project object */ = {
			isa = PBXProject;
			attributes = {
				BuildIndependentTargetsInParallel = 1;
				LastSwiftUpdateCheck = 1640;
				LastUpgradeCheck = 1640;
				TargetAttributes = {
					35BEF87A2E82192D0032F206 = {
						CreatedOnToolsVersion = 16.4;
					};
					35BEF8882E82192F0032F206 = {
						CreatedOnToolsVersion = 16.4;
						TestTargetID = 35BEF87A2E82192D0032F206;
					};
					35BEF8922E82192F0032F206 = {
						CreatedOnToolsVersion = 16.4;
						TestTargetID = 35BEF87A2E82192D0032F206;
					};
				};
			};
			buildConfigurationList = 35BEF8762E82192D0032F206 /* Build configuration list for PBXProject "Oreo" */;
			developmentRegion = en;
			hasScannedForEncodings = 0;
			knownRegions = (
				en,
				Base,
			);
			mainGroup = 35BEF8722E82192D0032F206;
			minimizedProjectReferenceProxies = 1;
			preferredProjectObjectVersion = 77;
			productRefGroup = 35BEF87C2E82192D0032F206 /* Products */;
			projectDirPath = "";
			projectRoot = "";
			targets = (
				35BEF87A2E82192D0032F206 /* Oreo */,
				35BEF8882E82192F0032F206 /* OreoTests */,
				35BEF8922E82192F0032F206 /* OreoUITests */,
			);
		};
/* End PBXProject section */

/* Begin PBXResourcesBuildPhase section */
		35BEF8792E82192D0032F206 /* Resources */ = {
			isa = PBXResourcesBuildPhase;
			buildActionMask = 2147483647;
			files = (
			);
			runOnlyForDeploymentPostprocessing = 0;
		};
		35BEF8872E82192F0032F206 /* Resources */ = {
			isa = PBXResourcesBuildPhase;
			buildActionMask = 2147483647;
			files = (
			);
			runOnlyForDeploymentPostprocessing = 0;
		};
		35BEF8912E82192F0032F206 /* Resources */ = {
			isa = PBXResourcesBuildPhase;
			buildActionMask = 2147483647;
			files = (
			);
			runOnlyForDeploymentPostprocessing = 0;
		};
/* End PBXResourcesBuildPhase section */

/* Begin PBXSourcesBuildPhase section */
		35BEF8772E82192D0032F206 /* Sources */ = {
			isa = PBXSourcesBuildPhase;
			buildActionMask = 2147483647;
			files = (
			);
			runOnlyForDeploymentPostprocessing = 0;
		};
		35BEF8852E82192F0032F206 /* Sources */ = {
			isa = PBXSourcesBuildPhase;
			buildActionMask = 2147483647;
			files = (
			);
			runOnlyForDeploymentPostprocessing = 0;
		};
		35BEF88F2E82192F0032F206 /* Sources */ = {
			isa = PBXSourcesBuildPhase;
			buildActionMask = 2147483647;
			files = (
			);
			runOnlyForDeploymentPostprocessing = 0;
		};
/* End PBXSourcesBuildPhase section */

/* Begin PBXTargetDependency section */
		35BEF88B2E82192F0032F206 /* PBXTargetDependency */ = {
			isa = PBXTargetDependency;
			target = 35BEF87A2E82192D0032F206 /* Oreo */;
			targetProxy = 35BEF88A2E82192F0032F206 /* PBXContainerItemProxy */;
		};
		35BEF8952E82192F0032F206 /* PBXTargetDependency */ = {
			isa = PBXTargetDependency;
			target = 35BEF87A2E82192D0032F206 /* Oreo */;
			targetProxy = 35BEF8942E82192F0032F206 /* PBXContainerItemProxy */;
		};
/* End PBXTargetDependency section */

/* Begin XCBuildConfiguration section */
		35BEF89B2E82192F0032F206 /* Debug */ = {
			isa = XCBuildConfiguration;
			buildSettings = {
				ALWAYS_SEARCH_USER_PATHS = NO;
				ASSETCATALOG_COMPILER_GENERATE_SWIFT_ASSET_SYMBOL_EXTENSIONS = YES;
				CLANG_ANALYZER_NONNULL = YES;
				CLANG_ANALYZER_NUMBER_OBJECT_CONVERSION = YES_AGGRESSIVE;
				CLANG_CXX_LANGUAGE_STANDARD = "gnu++20";
				CLANG_ENABLE_MODULES = YES;
				CLANG_ENABLE_OBJC_ARC = YES;
				CLANG_ENABLE_OBJC_WEAK = YES;
				CLANG_WARN_BLOCK_CAPTURE_AUTORELEASING = YES;
				CLANG_WARN_BOOL_CONVERSION = YES;
				CLANG_WARN_COMMA = YES;
				CLANG_WARN_CONSTANT_CONVERSION = YES;
				CLANG_WARN_DEPRECATED_OBJC_IMPLEMENTATIONS = YES;
				CLANG_WARN_DIRECT_OBJC_ISA_USAGE = YES_ERROR;
				CLANG_WARN_DOCUMENTATION_COMMENTS = YES;
				CLANG_WARN_EMPTY_BODY = YES;
				CLANG_WARN_ENUM_CONVERSION = YES;
				CLANG_WARN_INFINITE_RECURSION = YES;
				CLANG_WARN_INT_CONVERSION = YES;
				CLANG_WARN_NON_LITERAL_NULL_CONVERSION = YES;
				CLANG_WARN_OBJC_IMPLICIT_RETAIN_SELF = YES;
				CLANG_WARN_OBJC_LITERAL_CONVERSION = YES;
				CLANG_WARN_OBJC_ROOT_CLASS = YES_ERROR;
				CLANG_WARN_QUOTED_INCLUDE_IN_FRAMEWORK_HEADER = YES;
				CLANG_WARN_RANGE_LOOP_ANALYSIS = YES;
				CLANG_WARN_STRICT_PROTOTYPES = YES;
				CLANG_WARN_SUSPICIOUS_MOVE = YES;
				CLANG_WARN_UNGUARDED_AVAILABILITY = YES_AGGRESSIVE;
				CLANG_WARN_UNREACHABLE_CODE = YES;
				CLANG_WARN__DUPLICATE_METHOD_MATCH = YES;
				COPY_PHASE_STRIP = NO;
				DEBUG_INFORMATION_FORMAT = dwarf;
				ENABLE_STRICT_OBJC_MSGSEND = YES;
				ENABLE_TESTABILITY = YES;
				ENABLE_USER_SCRIPT_SANDBOXING = YES;
				GCC_C_LANGUAGE_STANDARD = gnu17;
				GCC_DYNAMIC_NO_PIC = NO;
				GCC_NO_COMMON_BLOCKS = YES;
				GCC_OPTIMIZATION_LEVEL = 0;
				GCC_PREPROCESSOR_DEFINITIONS = (
					"DEBUG=1",
					"$(inherited)",
				);
				GCC_WARN_64_TO_32_BIT_CONVERSION = YES;
				GCC_WARN_ABOUT_RETURN_TYPE = YES_ERROR;
				GCC_WARN_UNDECLARED_SELECTOR = YES;
				GCC_WARN_UNINITIALIZED_AUTOS = YES_AGGRESSIVE;
				GCC_WARN_UNUSED_FUNCTION = YES;
				GCC_WARN_UNUSED_VARIABLE = YES;
				LOCALIZATION_PREFERS_STRING_CATALOGS = YES;
				MACOSX_DEPLOYMENT_TARGET = 15.5;
				MTL_ENABLE_DEBUG_INFO = INCLUDE_SOURCE;
				MTL_FAST_MATH = YES;
				ONLY_ACTIVE_ARCH = YES;
				SDKROOT = macosx;
				SWIFT_ACTIVE_COMPILATION_CONDITIONS = "DEBUG $(inherited)";
				SWIFT_OPTIMIZATION_LEVEL = "-Onone";
			};
			name = Debug;
		};
		35BEF89C2E82192F0032F206 /* Release */ = {
			isa = XCBuildConfiguration;
			buildSettings = {
				ALWAYS_SEARCH_USER_PATHS = NO;
				ASSETCATALOG_COMPILER_GENERATE_SWIFT_ASSET_SYMBOL_EXTENSIONS = YES;
				CLANG_ANALYZER_NONNULL = YES;
				CLANG_ANALYZER_NUMBER_OBJECT_CONVERSION = YES_AGGRESSIVE;
				CLANG_CXX_LANGUAGE_STANDARD = "gnu++20";
				CLANG_ENABLE_MODULES = YES;
				CLANG_ENABLE_OBJC_ARC = YES;
				CLANG_ENABLE_OBJC_WEAK = YES;
				CLANG_WARN_BLOCK_CAPTURE_AUTORELEASING = YES;
				CLANG_WARN_BOOL_CONVERSION = YES;
				CLANG_WARN_COMMA = YES;
				CLANG_WARN_CONSTANT_CONVERSION = YES;
				CLANG_WARN_DEPRECATED_OBJC_IMPLEMENTATIONS = YES;
				CLANG_WARN_DIRECT_OBJC_ISA_USAGE = YES_ERROR;
				CLANG_WARN_DOCUMENTATION_COMMENTS = YES;
				CLANG_WARN_EMPTY_BODY = YES;
				CLANG_WARN_ENUM_CONVERSION = YES;
				CLANG_WARN_INFINITE_RECURSION = YES;
				CLANG_WARN_INT_CONVERSION = YES;
				CLANG_WARN_NON_LITERAL_NULL_CONVERSION = YES;
				CLANG_WARN_OBJC_IMPLICIT_RETAIN_SELF = YES;
				CLANG_WARN_OBJC_LITERAL_CONVERSION = YES;
				CLANG_WARN_OBJC_ROOT_CLASS = YES_ERROR;
				CLANG_WARN_QUOTED_INCLUDE_IN_FRAMEWORK_HEADER = YES;
				CLANG_WARN_RANGE_LOOP_ANALYSIS = YES;
				CLANG_WARN_STRICT_PROTOTYPES = YES;
				CLANG_WARN_SUSPICIOUS_MOVE = YES;
				CLANG_WARN_UNGUARDED_AVAILABILITY = YES_AGGRESSIVE;
				CLANG_WARN_UNREACHABLE_CODE = YES;
				CLANG_WARN__DUPLICATE_METHOD_MATCH = YES;
				COPY_PHASE_STRIP = NO;
				DEBUG_INFORMATION_FORMAT = "dwarf-with-dsym";
				ENABLE_NS_ASSERTIONS = NO;
				ENABLE_STRICT_OBJC_MSGSEND = YES;
				ENABLE_USER_SCRIPT_SANDBOXING = YES;
				GCC_C_LANGUAGE_STANDARD = gnu17;
				GCC_NO_COMMON_BLOCKS = YES;
				GCC_WARN_64_TO_32_BIT_CONVERSION = YES;
				GCC_WARN_ABOUT_RETURN_TYPE = YES_ERROR;
				GCC_WARN_UNDECLARED_SELECTOR = YES;
				GCC_WARN_UNINITIALIZED_AUTOS = YES_AGGRESSIVE;
				GCC_WARN_UNUSED_FUNCTION = YES;
				GCC_WARN_UNUSED_VARIABLE = YES;
				LOCALIZATION_PREFERS_STRING_CATALOGS = YES;
				MACOSX_DEPLOYMENT_TARGET = 15.5;
				MTL_ENABLE_DEBUG_INFO = NO;
				MTL_FAST_MATH = YES;
				SDKROOT = macosx;
				SWIFT_COMPILATION_MODE = wholemodule;
			};
			name = Release;
		};
		35BEF89E2E82192F0032F206 /* Debug */ = {
			isa = XCBuildConfiguration;
			buildSettings = {
				ASSETCATALOG_COMPILER_APPICON_NAME = AppIcon;
				ASSETCATALOG_COMPILER_GLOBAL_ACCENT_COLOR_NAME = AccentColor;
				CODE_SIGN_ENTITLEMENTS = Oreo/Oreo.entitlements;
				CODE_SIGN_STYLE = Automatic;
				COMBINE_HIDPI_IMAGES = YES;
				CURRENT_PROJECT_VERSION = 1;
				ENABLE_PREVIEWS = YES;
				GENERATE_INFOPLIST_FILE = YES;
				INFOPLIST_KEY_NSHumanReadableCopyright = "";
				LD_RUNPATH_SEARCH_PATHS = (
					"$(inherited)",
					"@executable_path/../Frameworks",
				);
				MARKETING_VERSION = 1.0;
				PRODUCT_BUNDLE_IDENTIFIER = alf.Oreo;
				PRODUCT_NAME = "$(TARGET_NAME)";
				REGISTER_APP_GROUPS = YES;
				SWIFT_EMIT_LOC_STRINGS = YES;
				SWIFT_VERSION = 5.0;
			};
			name = Debug;
		};
		35BEF89F2E82192F0032F206 /* Release */ = {
			isa = XCBuildConfiguration;
			buildSettings = {
				ASSETCATALOG_COMPILER_APPICON_NAME = AppIcon;
				ASSETCATALOG_COMPILER_GLOBAL_ACCENT_COLOR_NAME = AccentColor;
				CODE_SIGN_ENTITLEMENTS = Oreo/Oreo.entitlements;
				CODE_SIGN_STYLE = Automatic;
				COMBINE_HIDPI_IMAGES = YES;
				CURRENT_PROJECT_VERSION = 1;
				ENABLE_PREVIEWS = YES;
				GENERATE_INFOPLIST_FILE = YES;
				INFOPLIST_KEY_NSHumanReadableCopyright = "";
				LD_RUNPATH_SEARCH_PATHS = (
					"$(inherited)",
					"@executable_path/../Frameworks",
				);
				MARKETING_VERSION = 1.0;
				PRODUCT_BUNDLE_IDENTIFIER = alf.Oreo;
				PRODUCT_NAME = "$(TARGET_NAME)";
				REGISTER_APP_GROUPS = YES;
				SWIFT_EMIT_LOC_STRINGS = YES;
				SWIFT_VERSION = 5.0;
			};
			name = Release;
		};
		35BEF8A12E82192F0032F206 /* Debug */ = {
			isa = XCBuildConfiguration;
			buildSettings = {
				BUNDLE_LOADER = "$(TEST_HOST)";
				CODE_SIGN_STYLE = Automatic;
				CURRENT_PROJECT_VERSION = 1;
				GENERATE_INFOPLIST_FILE = YES;
				MACOSX_DEPLOYMENT_TARGET = 15.5;
				MARKETING_VERSION = 1.0;
				PRODUCT_BUNDLE_IDENTIFIER = alf.OreoTests;
				PRODUCT_NAME = "$(TARGET_NAME)";
				SWIFT_EMIT_LOC_STRINGS = NO;
				SWIFT_VERSION = 5.0;
				TEST_HOST = "$(BUILT_PRODUCTS_DIR)/Oreo.app/$(BUNDLE_EXECUTABLE_FOLDER_PATH)/Oreo";
			};
			name = Debug;
		};
		35BEF8A22E82192F0032F206 /* Release */ = {
			isa = XCBuildConfiguration;
			buildSettings = {
				BUNDLE_LOADER = "$(TEST_HOST)";
				CODE_SIGN_STYLE = Automatic;
				CURRENT_PROJECT_VERSION = 1;
				GENERATE_INFOPLIST_FILE = YES;
				MACOSX_DEPLOYMENT_TARGET = 15.5;
				MARKETING_VERSION = 1.0;
				PRODUCT_BUNDLE_IDENTIFIER = alf.OreoTests;
				PRODUCT_NAME = "$(TARGET_NAME)";
				SWIFT_EMIT_LOC_STRINGS = NO;
				SWIFT_VERSION = 5.0;
				TEST_HOST = "$(BUILT_PRODUCTS_DIR)/Oreo.app/$(BUNDLE_EXECUTABLE_FOLDER_PATH)/Oreo";
			};
			name = Release;
		};
		35BEF8A42E82192F0032F206 /* Debug */ = {
			isa = XCBuildConfiguration;
			buildSettings = {
				CODE_SIGN_STYLE = Automatic;
				CURRENT_PROJECT_VERSION = 1;
				GENERATE_INFOPLIST_FILE = YES;
				MARKETING_VERSION = 1.0;
				PRODUCT_BUNDLE_IDENTIFIER = alf.OreoUITests;
				PRODUCT_NAME = "$(TARGET_NAME)";
				SWIFT_EMIT_LOC_STRINGS = NO;
				SWIFT_VERSION = 5.0;
				TEST_TARGET_NAME = Oreo;
			};
			name = Debug;
		};
		35BEF8A52E82192F0032F206 /* Release */ = {
			isa = XCBuildConfiguration;
			buildSettings = {
				CODE_SIGN_STYLE = Automatic;
				CURRENT_PROJECT_VERSION = 1;
				GENERATE_INFOPLIST_FILE = YES;
				MARKETING_VERSION = 1.0;
				PRODUCT_BUNDLE_IDENTIFIER = alf.OreoUITests;
				PRODUCT_NAME = "$(TARGET_NAME)";
				SWIFT_EMIT_LOC_STRINGS = NO;
				SWIFT_VERSION = 5.0;
				TEST_TARGET_NAME = Oreo;
			};
			name = Release;
		};
/* End XCBuildConfiguration section */

/* Begin XCConfigurationList section */
		35BEF8762E82192D0032F206 /* Build configuration list for PBXProject "Oreo" */ = {
			isa = XCConfigurationList;
			buildConfigurations = (
				35BEF89B2E82192F0032F206 /* Debug */,
				35BEF89C2E82192F0032F206 /* Release */,
			);
			defaultConfigurationIsVisible = 0;
			defaultConfigurationName = Release;
		};
		35BEF89D2E82192F0032F206 /* Build configuration list for PBXNativeTarget "Oreo" */ = {
			isa = XCConfigurationList;
			buildConfigurations = (
				35BEF89E2E82192F0032F206 /* Debug */,
				35BEF89F2E82192F0032F206 /* Release */,
			);
			defaultConfigurationIsVisible = 0;
			defaultConfigurationName = Release;
		};
		35BEF8A02E82192F0032F206 /* Build configuration list for PBXNativeTarget "OreoTests" */ = {
			isa = XCConfigurationList;
			buildConfigurations = (
				35BEF8A12E82192F0032F206 /* Debug */,
				35BEF8A22E82192F0032F206 /* Release */,
			);
			defaultConfigurationIsVisible = 0;
			defaultConfigurationName = Release;
		};
		35BEF8A32E82192F0032F206 /* Build configuration list for PBXNativeTarget "OreoUITests" */ = {
			isa = XCConfigurationList;
			buildConfigurations = (
				35BEF8A42E82192F0032F206 /* Debug */,
				35BEF8A52E82192F0032F206 /* Release */,
			);
			defaultConfigurationIsVisible = 0;
			defaultConfigurationName = Release;
		};
/* End XCConfigurationList section */
	};
	rootObject = 35BEF8732E82192D0032F206 /* Project object */;
}
